// !$*UTF8*$!
{
	archiveVersion = 1;
	classes = {
	};
	objectVersion = 50;
	objects = {

/* Begin PBXBuildFile section */
		03654B1A21CD9A3700465E16 /* AddCategoryViewController.swift in Sources */ = {isa = PBXBuildFile; fileRef = 03654B1921CD9A3700465E16 /* AddCategoryViewController.swift */; };
		039498ED21AFAA92003AF16D /* AppDelegate.swift in Sources */ = {isa = PBXBuildFile; fileRef = 039498EC21AFAA92003AF16D /* AppDelegate.swift */; };
		039498EF21AFAA92003AF16D /* ViewController.swift in Sources */ = {isa = PBXBuildFile; fileRef = 039498EE21AFAA92003AF16D /* ViewController.swift */; };
		039498F221AFAA92003AF16D /* Main.storyboard in Resources */ = {isa = PBXBuildFile; fileRef = 039498F021AFAA92003AF16D /* Main.storyboard */; };
		039498F521AFAA92003AF16D /* PrayerList.xcdatamodeld in Sources */ = {isa = PBXBuildFile; fileRef = 039498F321AFAA92003AF16D /* PrayerList.xcdatamodeld */; };
		039498F721AFAA95003AF16D /* Assets.xcassets in Resources */ = {isa = PBXBuildFile; fileRef = 039498F621AFAA95003AF16D /* Assets.xcassets */; };
		039498FA21AFAA95003AF16D /* LaunchScreen.storyboard in Resources */ = {isa = PBXBuildFile; fileRef = 039498F821AFAA95003AF16D /* LaunchScreen.storyboard */; };
		0394990521AFAA95003AF16D /* PrayerListTests.swift in Sources */ = {isa = PBXBuildFile; fileRef = 0394990421AFAA95003AF16D /* PrayerListTests.swift */; };
		0394991021AFAA95003AF16D /* PrayerListUITests.swift in Sources */ = {isa = PBXBuildFile; fileRef = 0394990F21AFAA95003AF16D /* PrayerListUITests.swift */; };
		0394992021AFAFAC003AF16D /* Theme.swift in Sources */ = {isa = PBXBuildFile; fileRef = 0394991F21AFAFAC003AF16D /* Theme.swift */; };
		0394992421AFAFE4003AF16D /* UIColor+Extensions.swift in Sources */ = {isa = PBXBuildFile; fileRef = 0394992321AFAFE4003AF16D /* UIColor+Extensions.swift */; };
		0394992621AFB012003AF16D /* CoreDataManager.swift in Sources */ = {isa = PBXBuildFile; fileRef = 0394992521AFB012003AF16D /* CoreDataManager.swift */; };
		0394992821AFB14F003AF16D /* Organiser.storyboard in Resources */ = {isa = PBXBuildFile; fileRef = 0394992721AFB14F003AF16D /* Organiser.storyboard */; };
		0394992A21AFB1C0003AF16D /* Prayer.storyboard in Resources */ = {isa = PBXBuildFile; fileRef = 0394992921AFB1C0003AF16D /* Prayer.storyboard */; };
		0394992E21AFB225003AF16D /* PrayerOverviewController.swift in Sources */ = {isa = PBXBuildFile; fileRef = 0394992D21AFB225003AF16D /* PrayerOverviewController.swift */; };
		0394993021AFB25A003AF16D /* OrganiserOverviewController.swift in Sources */ = {isa = PBXBuildFile; fileRef = 0394992F21AFB25A003AF16D /* OrganiserOverviewController.swift */; };
		0394993221AFB46A003AF16D /* BaseViewController.swift in Sources */ = {isa = PBXBuildFile; fileRef = 0394993121AFB46A003AF16D /* BaseViewController.swift */; };
		0394993721AFB81C003AF16D /* PrayerModel.swift in Sources */ = {isa = PBXBuildFile; fileRef = 0394993621AFB81C003AF16D /* PrayerModel.swift */; };
		0394993921AFB82F003AF16D /* CoreDataPrayer.swift in Sources */ = {isa = PBXBuildFile; fileRef = 0394993821AFB82F003AF16D /* CoreDataPrayer.swift */; };
		0394993B21AFC9F9003AF16D /* PrayerInterface.swift in Sources */ = {isa = PBXBuildFile; fileRef = 0394993A21AFC9F9003AF16D /* PrayerInterface.swift */; };
		0394993F21AFCAF5003AF16D /* PrayerCollectionViewCell.swift in Sources */ = {isa = PBXBuildFile; fileRef = 0394993D21AFCAF5003AF16D /* PrayerCollectionViewCell.swift */; };
		0394994021AFCAF5003AF16D /* PrayerCollectionViewCell.xib in Resources */ = {isa = PBXBuildFile; fileRef = 0394993E21AFCAF5003AF16D /* PrayerCollectionViewCell.xib */; };
		0394994221AFCD9A003AF16D /* PrayerSettingsViewController.swift in Sources */ = {isa = PBXBuildFile; fileRef = 0394994121AFCD9A003AF16D /* PrayerSettingsViewController.swift */; };
		0394994721AFCF0B003AF16D /* TextFieldTableViewCell.swift in Sources */ = {isa = PBXBuildFile; fileRef = 0394994521AFCF0B003AF16D /* TextFieldTableViewCell.swift */; };
		0394994821AFCF0B003AF16D /* TextFieldTableViewCell.xib in Resources */ = {isa = PBXBuildFile; fileRef = 0394994621AFCF0B003AF16D /* TextFieldTableViewCell.xib */; };
		0394994C21AFE220003AF16D /* Button.swift in Sources */ = {isa = PBXBuildFile; fileRef = 0394994B21AFE220003AF16D /* Button.swift */; };
		0394995021AFE460003AF16D /* PrayerDetailViewController.swift in Sources */ = {isa = PBXBuildFile; fileRef = 0394994F21AFE460003AF16D /* PrayerDetailViewController.swift */; };
		0394995321B12419003AF16D /* ItemModel.swift in Sources */ = {isa = PBXBuildFile; fileRef = 0394995221B12419003AF16D /* ItemModel.swift */; };
		0394995521B12427003AF16D /* NoteModel.swift in Sources */ = {isa = PBXBuildFile; fileRef = 0394995421B12427003AF16D /* NoteModel.swift */; };
		0394995721B1246E003AF16D /* CategoryModel.swift in Sources */ = {isa = PBXBuildFile; fileRef = 0394995621B1246E003AF16D /* CategoryModel.swift */; };
		0394995921B124E8003AF16D /* CoreDataItem.swift in Sources */ = {isa = PBXBuildFile; fileRef = 0394995821B124E8003AF16D /* CoreDataItem.swift */; };
		0394995B21B124F5003AF16D /* CoreDataPrayerNote.swift in Sources */ = {isa = PBXBuildFile; fileRef = 0394995A21B124F5003AF16D /* CoreDataPrayerNote.swift */; };
		0394995D21B12502003AF16D /* CoreDataPrayerCategory.swift in Sources */ = {isa = PBXBuildFile; fileRef = 0394995C21B12502003AF16D /* CoreDataPrayerCategory.swift */; };
		0394995F21B128FD003AF16D /* ItemInterface.swift in Sources */ = {isa = PBXBuildFile; fileRef = 0394995E21B128FD003AF16D /* ItemInterface.swift */; };
		0394996121B12907003AF16D /* NoteInterface.swift in Sources */ = {isa = PBXBuildFile; fileRef = 0394996021B12907003AF16D /* NoteInterface.swift */; };
		0394996321B12912003AF16D /* CategoryInterface.swift in Sources */ = {isa = PBXBuildFile; fileRef = 0394996221B12912003AF16D /* CategoryInterface.swift */; };
		0394996521B12AE4003AF16D /* PRUserDefaults.swift in Sources */ = {isa = PBXBuildFile; fileRef = 0394996421B12AE4003AF16D /* PRUserDefaults.swift */; };
		0394996E21B13100003AF16D /* CategoryDetailViewController.swift in Sources */ = {isa = PBXBuildFile; fileRef = 0394996D21B13100003AF16D /* CategoryDetailViewController.swift */; };
		0394997021B1CD6C003AF16D /* PrimarySplitViewController.swift in Sources */ = {isa = PBXBuildFile; fileRef = 0394996F21B1CD6C003AF16D /* PrimarySplitViewController.swift */; };
		0394997321B1CF77003AF16D /* AddItemFormViewController.swift in Sources */ = {isa = PBXBuildFile; fileRef = 0394997221B1CF77003AF16D /* AddItemFormViewController.swift */; };
		0394997521B1D461003AF16D /* PrayerSelectionViewController.swift in Sources */ = {isa = PBXBuildFile; fileRef = 0394997421B1D461003AF16D /* PrayerSelectionViewController.swift */; };
		0394997921B1DA7D003AF16D /* ItemOverviewCollectionViewCell.swift in Sources */ = {isa = PBXBuildFile; fileRef = 0394997721B1DA7D003AF16D /* ItemOverviewCollectionViewCell.swift */; };
		0394997A21B1DA7D003AF16D /* ItemOverviewCollectionViewCell.xib in Resources */ = {isa = PBXBuildFile; fileRef = 0394997821B1DA7D003AF16D /* ItemOverviewCollectionViewCell.xib */; };
		0394997C21B25448003AF16D /* CategorySettingsViewController.swift in Sources */ = {isa = PBXBuildFile; fileRef = 0394997B21B25448003AF16D /* CategorySettingsViewController.swift */; };
		0394997E21B25A86003AF16D /* Storyboardable.swift in Sources */ = {isa = PBXBuildFile; fileRef = 0394997D21B25A86003AF16D /* Storyboardable.swift */; };
		03C2A68321BE4F820021AD66 /* ItemDetailViewController.swift in Sources */ = {isa = PBXBuildFile; fileRef = 03C2A68221BE4F820021AD66 /* ItemDetailViewController.swift */; };
		03C2A68621BE51E30021AD66 /* ListCollectionViewCell.swift in Sources */ = {isa = PBXBuildFile; fileRef = 03C2A68421BE51E30021AD66 /* ListCollectionViewCell.swift */; };
		03C2A68721BE51E30021AD66 /* ListCollectionViewCell.xib in Resources */ = {isa = PBXBuildFile; fileRef = 03C2A68521BE51E30021AD66 /* ListCollectionViewCell.xib */; };
		03C2A68C21BE55310021AD66 /* ItemTableViewCell.swift in Sources */ = {isa = PBXBuildFile; fileRef = 03C2A68A21BE55310021AD66 /* ItemTableViewCell.swift */; };
		03C2A68D21BE55310021AD66 /* ItemTableViewCell.xib in Resources */ = {isa = PBXBuildFile; fileRef = 03C2A68B21BE55310021AD66 /* ItemTableViewCell.xib */; };
		03C2A69121BE56130021AD66 /* PlainHeaderCollectionReusableView.swift in Sources */ = {isa = PBXBuildFile; fileRef = 03C2A68F21BE56130021AD66 /* PlainHeaderCollectionReusableView.swift */; };
		03C2A69221BE56130021AD66 /* PlainHeaderCollectionReusableView.xib in Resources */ = {isa = PBXBuildFile; fileRef = 03C2A69021BE56130021AD66 /* PlainHeaderCollectionReusableView.xib */; };
		03C2A69421BF7F640021AD66 /* AddNoteViewController.swift in Sources */ = {isa = PBXBuildFile; fileRef = 03C2A69321BF7F640021AD66 /* AddNoteViewController.swift */; };
		03C2A69F21C433D50021AD66 /* PlusView.swift in Sources */ = {isa = PBXBuildFile; fileRef = 03C2A69E21C433D50021AD66 /* PlusView.swift */; };
		03C2A6A121C433DF0021AD66 /* PlusView.xib in Resources */ = {isa = PBXBuildFile; fileRef = 03C2A6A021C433DF0021AD66 /* PlusView.xib */; };
		03C2A6A421C43BAB0021AD66 /* TabBarController.swift in Sources */ = {isa = PBXBuildFile; fileRef = 03C2A6A321C43BAB0021AD66 /* TabBarController.swift */; };
		03C2A6A821C4474A0021AD66 /* LargeTextTableViewCell.swift in Sources */ = {isa = PBXBuildFile; fileRef = 03C2A6A621C4474A0021AD66 /* LargeTextTableViewCell.swift */; };
		03C2A6A921C4474A0021AD66 /* LargeTextTableViewCell.xib in Resources */ = {isa = PBXBuildFile; fileRef = 03C2A6A721C4474A0021AD66 /* LargeTextTableViewCell.xib */; };
		03C2A6AC21CB69120021AD66 /* EmptyView.swift in Sources */ = {isa = PBXBuildFile; fileRef = 03C2A6AB21CB69120021AD66 /* EmptyView.swift */; };
		03C2A6AE21CB69210021AD66 /* EmptyView.xib in Resources */ = {isa = PBXBuildFile; fileRef = 03C2A6AD21CB69210021AD66 /* EmptyView.xib */; };
/* End PBXBuildFile section */

/* Begin PBXContainerItemProxy section */
		0394990121AFAA95003AF16D /* PBXContainerItemProxy */ = {
			isa = PBXContainerItemProxy;
			containerPortal = 039498E121AFAA92003AF16D /* Project object */;
			proxyType = 1;
			remoteGlobalIDString = 039498E821AFAA92003AF16D;
			remoteInfo = PrayerList;
		};
		0394990C21AFAA95003AF16D /* PBXContainerItemProxy */ = {
			isa = PBXContainerItemProxy;
			containerPortal = 039498E121AFAA92003AF16D /* Project object */;
			proxyType = 1;
			remoteGlobalIDString = 039498E821AFAA92003AF16D;
			remoteInfo = PrayerList;
		};
/* End PBXContainerItemProxy section */

/* Begin PBXFileReference section */
		03654B1921CD9A3700465E16 /* AddCategoryViewController.swift */ = {isa = PBXFileReference; lastKnownFileType = sourcecode.swift; path = AddCategoryViewController.swift; sourceTree = "<group>"; };
		039498E921AFAA92003AF16D /* PrayerList.app */ = {isa = PBXFileReference; explicitFileType = wrapper.application; includeInIndex = 0; path = PrayerList.app; sourceTree = BUILT_PRODUCTS_DIR; };
		039498EC21AFAA92003AF16D /* AppDelegate.swift */ = {isa = PBXFileReference; lastKnownFileType = sourcecode.swift; path = AppDelegate.swift; sourceTree = "<group>"; };
		039498EE21AFAA92003AF16D /* ViewController.swift */ = {isa = PBXFileReference; lastKnownFileType = sourcecode.swift; path = ViewController.swift; sourceTree = "<group>"; };
		039498F121AFAA92003AF16D /* Base */ = {isa = PBXFileReference; lastKnownFileType = file.storyboard; name = Base; path = Base.lproj/Main.storyboard; sourceTree = "<group>"; };
		039498F421AFAA92003AF16D /* PrayerList.xcdatamodel */ = {isa = PBXFileReference; lastKnownFileType = wrapper.xcdatamodel; path = PrayerList.xcdatamodel; sourceTree = "<group>"; };
		039498F621AFAA95003AF16D /* Assets.xcassets */ = {isa = PBXFileReference; lastKnownFileType = folder.assetcatalog; path = Assets.xcassets; sourceTree = "<group>"; };
		039498F921AFAA95003AF16D /* Base */ = {isa = PBXFileReference; lastKnownFileType = file.storyboard; name = Base; path = Base.lproj/LaunchScreen.storyboard; sourceTree = "<group>"; };
		039498FB21AFAA95003AF16D /* Info.plist */ = {isa = PBXFileReference; lastKnownFileType = text.plist.xml; path = Info.plist; sourceTree = "<group>"; };
		0394990021AFAA95003AF16D /* PrayerListTests.xctest */ = {isa = PBXFileReference; explicitFileType = wrapper.cfbundle; includeInIndex = 0; path = PrayerListTests.xctest; sourceTree = BUILT_PRODUCTS_DIR; };
		0394990421AFAA95003AF16D /* PrayerListTests.swift */ = {isa = PBXFileReference; lastKnownFileType = sourcecode.swift; path = PrayerListTests.swift; sourceTree = "<group>"; };
		0394990621AFAA95003AF16D /* Info.plist */ = {isa = PBXFileReference; lastKnownFileType = text.plist.xml; path = Info.plist; sourceTree = "<group>"; };
		0394990B21AFAA95003AF16D /* PrayerListUITests.xctest */ = {isa = PBXFileReference; explicitFileType = wrapper.cfbundle; includeInIndex = 0; path = PrayerListUITests.xctest; sourceTree = BUILT_PRODUCTS_DIR; };
		0394990F21AFAA95003AF16D /* PrayerListUITests.swift */ = {isa = PBXFileReference; lastKnownFileType = sourcecode.swift; path = PrayerListUITests.swift; sourceTree = "<group>"; };
		0394991121AFAA95003AF16D /* Info.plist */ = {isa = PBXFileReference; lastKnownFileType = text.plist.xml; path = Info.plist; sourceTree = "<group>"; };
		0394991F21AFAFAC003AF16D /* Theme.swift */ = {isa = PBXFileReference; lastKnownFileType = sourcecode.swift; path = Theme.swift; sourceTree = "<group>"; };
		0394992321AFAFE4003AF16D /* UIColor+Extensions.swift */ = {isa = PBXFileReference; lastKnownFileType = sourcecode.swift; path = "UIColor+Extensions.swift"; sourceTree = "<group>"; };
		0394992521AFB012003AF16D /* CoreDataManager.swift */ = {isa = PBXFileReference; lastKnownFileType = sourcecode.swift; path = CoreDataManager.swift; sourceTree = "<group>"; };
		0394992721AFB14F003AF16D /* Organiser.storyboard */ = {isa = PBXFileReference; lastKnownFileType = file.storyboard; path = Organiser.storyboard; sourceTree = "<group>"; };
		0394992921AFB1C0003AF16D /* Prayer.storyboard */ = {isa = PBXFileReference; lastKnownFileType = file.storyboard; path = Prayer.storyboard; sourceTree = "<group>"; };
		0394992D21AFB225003AF16D /* PrayerOverviewController.swift */ = {isa = PBXFileReference; lastKnownFileType = sourcecode.swift; path = PrayerOverviewController.swift; sourceTree = "<group>"; };
		0394992F21AFB25A003AF16D /* OrganiserOverviewController.swift */ = {isa = PBXFileReference; lastKnownFileType = sourcecode.swift; path = OrganiserOverviewController.swift; sourceTree = "<group>"; };
		0394993121AFB46A003AF16D /* BaseViewController.swift */ = {isa = PBXFileReference; lastKnownFileType = sourcecode.swift; path = BaseViewController.swift; sourceTree = "<group>"; };
		0394993621AFB81C003AF16D /* PrayerModel.swift */ = {isa = PBXFileReference; lastKnownFileType = sourcecode.swift; path = PrayerModel.swift; sourceTree = "<group>"; };
		0394993821AFB82F003AF16D /* CoreDataPrayer.swift */ = {isa = PBXFileReference; lastKnownFileType = sourcecode.swift; path = CoreDataPrayer.swift; sourceTree = "<group>"; };
		0394993A21AFC9F9003AF16D /* PrayerInterface.swift */ = {isa = PBXFileReference; lastKnownFileType = sourcecode.swift; path = PrayerInterface.swift; sourceTree = "<group>"; };
		0394993D21AFCAF5003AF16D /* PrayerCollectionViewCell.swift */ = {isa = PBXFileReference; lastKnownFileType = sourcecode.swift; path = PrayerCollectionViewCell.swift; sourceTree = "<group>"; };
		0394993E21AFCAF5003AF16D /* PrayerCollectionViewCell.xib */ = {isa = PBXFileReference; lastKnownFileType = file.xib; path = PrayerCollectionViewCell.xib; sourceTree = "<group>"; };
		0394994121AFCD9A003AF16D /* PrayerSettingsViewController.swift */ = {isa = PBXFileReference; lastKnownFileType = sourcecode.swift; path = PrayerSettingsViewController.swift; sourceTree = "<group>"; };
		0394994521AFCF0B003AF16D /* TextFieldTableViewCell.swift */ = {isa = PBXFileReference; lastKnownFileType = sourcecode.swift; path = TextFieldTableViewCell.swift; sourceTree = "<group>"; };
		0394994621AFCF0B003AF16D /* TextFieldTableViewCell.xib */ = {isa = PBXFileReference; lastKnownFileType = file.xib; path = TextFieldTableViewCell.xib; sourceTree = "<group>"; };
		0394994B21AFE220003AF16D /* Button.swift */ = {isa = PBXFileReference; lastKnownFileType = sourcecode.swift; path = Button.swift; sourceTree = "<group>"; };
		0394994F21AFE460003AF16D /* PrayerDetailViewController.swift */ = {isa = PBXFileReference; lastKnownFileType = sourcecode.swift; path = PrayerDetailViewController.swift; sourceTree = "<group>"; };
		0394995221B12419003AF16D /* ItemModel.swift */ = {isa = PBXFileReference; lastKnownFileType = sourcecode.swift; path = ItemModel.swift; sourceTree = "<group>"; };
		0394995421B12427003AF16D /* NoteModel.swift */ = {isa = PBXFileReference; lastKnownFileType = sourcecode.swift; path = NoteModel.swift; sourceTree = "<group>"; };
		0394995621B1246E003AF16D /* CategoryModel.swift */ = {isa = PBXFileReference; lastKnownFileType = sourcecode.swift; path = CategoryModel.swift; sourceTree = "<group>"; };
		0394995821B124E8003AF16D /* CoreDataItem.swift */ = {isa = PBXFileReference; lastKnownFileType = sourcecode.swift; path = CoreDataItem.swift; sourceTree = "<group>"; };
		0394995A21B124F5003AF16D /* CoreDataPrayerNote.swift */ = {isa = PBXFileReference; lastKnownFileType = sourcecode.swift; path = CoreDataPrayerNote.swift; sourceTree = "<group>"; };
		0394995C21B12502003AF16D /* CoreDataPrayerCategory.swift */ = {isa = PBXFileReference; lastKnownFileType = sourcecode.swift; path = CoreDataPrayerCategory.swift; sourceTree = "<group>"; };
		0394995E21B128FD003AF16D /* ItemInterface.swift */ = {isa = PBXFileReference; lastKnownFileType = sourcecode.swift; path = ItemInterface.swift; sourceTree = "<group>"; };
		0394996021B12907003AF16D /* NoteInterface.swift */ = {isa = PBXFileReference; lastKnownFileType = sourcecode.swift; path = NoteInterface.swift; sourceTree = "<group>"; };
		0394996221B12912003AF16D /* CategoryInterface.swift */ = {isa = PBXFileReference; lastKnownFileType = sourcecode.swift; path = CategoryInterface.swift; sourceTree = "<group>"; };
		0394996421B12AE4003AF16D /* PRUserDefaults.swift */ = {isa = PBXFileReference; lastKnownFileType = sourcecode.swift; path = PRUserDefaults.swift; sourceTree = "<group>"; };
		0394996D21B13100003AF16D /* CategoryDetailViewController.swift */ = {isa = PBXFileReference; lastKnownFileType = sourcecode.swift; path = CategoryDetailViewController.swift; sourceTree = "<group>"; };
		0394996F21B1CD6C003AF16D /* PrimarySplitViewController.swift */ = {isa = PBXFileReference; lastKnownFileType = sourcecode.swift; path = PrimarySplitViewController.swift; sourceTree = "<group>"; };
		0394997221B1CF77003AF16D /* AddItemFormViewController.swift */ = {isa = PBXFileReference; lastKnownFileType = sourcecode.swift; path = AddItemFormViewController.swift; sourceTree = "<group>"; };
		0394997421B1D461003AF16D /* PrayerSelectionViewController.swift */ = {isa = PBXFileReference; lastKnownFileType = sourcecode.swift; path = PrayerSelectionViewController.swift; sourceTree = "<group>"; };
		0394997721B1DA7D003AF16D /* ItemOverviewCollectionViewCell.swift */ = {isa = PBXFileReference; lastKnownFileType = sourcecode.swift; path = ItemOverviewCollectionViewCell.swift; sourceTree = "<group>"; };
		0394997821B1DA7D003AF16D /* ItemOverviewCollectionViewCell.xib */ = {isa = PBXFileReference; lastKnownFileType = file.xib; path = ItemOverviewCollectionViewCell.xib; sourceTree = "<group>"; };
		0394997B21B25448003AF16D /* CategorySettingsViewController.swift */ = {isa = PBXFileReference; lastKnownFileType = sourcecode.swift; path = CategorySettingsViewController.swift; sourceTree = "<group>"; };
		0394997D21B25A86003AF16D /* Storyboardable.swift */ = {isa = PBXFileReference; lastKnownFileType = sourcecode.swift; path = Storyboardable.swift; sourceTree = "<group>"; };
		03C2A68221BE4F820021AD66 /* ItemDetailViewController.swift */ = {isa = PBXFileReference; lastKnownFileType = sourcecode.swift; path = ItemDetailViewController.swift; sourceTree = "<group>"; };
		03C2A68421BE51E30021AD66 /* ListCollectionViewCell.swift */ = {isa = PBXFileReference; lastKnownFileType = sourcecode.swift; path = ListCollectionViewCell.swift; sourceTree = "<group>"; };
		03C2A68521BE51E30021AD66 /* ListCollectionViewCell.xib */ = {isa = PBXFileReference; lastKnownFileType = file.xib; path = ListCollectionViewCell.xib; sourceTree = "<group>"; };
		03C2A68A21BE55310021AD66 /* ItemTableViewCell.swift */ = {isa = PBXFileReference; lastKnownFileType = sourcecode.swift; path = ItemTableViewCell.swift; sourceTree = "<group>"; };
		03C2A68B21BE55310021AD66 /* ItemTableViewCell.xib */ = {isa = PBXFileReference; lastKnownFileType = file.xib; path = ItemTableViewCell.xib; sourceTree = "<group>"; };
		03C2A68F21BE56130021AD66 /* PlainHeaderCollectionReusableView.swift */ = {isa = PBXFileReference; lastKnownFileType = sourcecode.swift; path = PlainHeaderCollectionReusableView.swift; sourceTree = "<group>"; };
		03C2A69021BE56130021AD66 /* PlainHeaderCollectionReusableView.xib */ = {isa = PBXFileReference; lastKnownFileType = file.xib; path = PlainHeaderCollectionReusableView.xib; sourceTree = "<group>"; };
		03C2A69321BF7F640021AD66 /* AddNoteViewController.swift */ = {isa = PBXFileReference; lastKnownFileType = sourcecode.swift; path = AddNoteViewController.swift; sourceTree = "<group>"; };
		03C2A69E21C433D50021AD66 /* PlusView.swift */ = {isa = PBXFileReference; lastKnownFileType = sourcecode.swift; path = PlusView.swift; sourceTree = "<group>"; };
		03C2A6A021C433DF0021AD66 /* PlusView.xib */ = {isa = PBXFileReference; lastKnownFileType = file.xib; path = PlusView.xib; sourceTree = "<group>"; };
		03C2A6A321C43BAB0021AD66 /* TabBarController.swift */ = {isa = PBXFileReference; lastKnownFileType = sourcecode.swift; name = TabBarController.swift; path = PrayerList/UI/TabBarController.swift; sourceTree = SOURCE_ROOT; };
		03C2A6A621C4474A0021AD66 /* LargeTextTableViewCell.swift */ = {isa = PBXFileReference; lastKnownFileType = sourcecode.swift; path = LargeTextTableViewCell.swift; sourceTree = "<group>"; };
		03C2A6A721C4474A0021AD66 /* LargeTextTableViewCell.xib */ = {isa = PBXFileReference; lastKnownFileType = file.xib; path = LargeTextTableViewCell.xib; sourceTree = "<group>"; };
		03C2A6AB21CB69120021AD66 /* EmptyView.swift */ = {isa = PBXFileReference; lastKnownFileType = sourcecode.swift; path = EmptyView.swift; sourceTree = "<group>"; };
		03C2A6AD21CB69210021AD66 /* EmptyView.xib */ = {isa = PBXFileReference; lastKnownFileType = file.xib; path = EmptyView.xib; sourceTree = "<group>"; };
/* End PBXFileReference section */

/* Begin PBXFrameworksBuildPhase section */
		039498E621AFAA92003AF16D /* Frameworks */ = {
			isa = PBXFrameworksBuildPhase;
			buildActionMask = 2147483647;
			files = (
			);
			runOnlyForDeploymentPostprocessing = 0;
		};
		039498FD21AFAA95003AF16D /* Frameworks */ = {
			isa = PBXFrameworksBuildPhase;
			buildActionMask = 2147483647;
			files = (
			);
			runOnlyForDeploymentPostprocessing = 0;
		};
		0394990821AFAA95003AF16D /* Frameworks */ = {
			isa = PBXFrameworksBuildPhase;
			buildActionMask = 2147483647;
			files = (
			);
			runOnlyForDeploymentPostprocessing = 0;
		};
/* End PBXFrameworksBuildPhase section */

/* Begin PBXGroup section */
		039498E021AFAA92003AF16D = {
			isa = PBXGroup;
			children = (
				039498EB21AFAA92003AF16D /* PrayerList */,
				0394990321AFAA95003AF16D /* PrayerListTests */,
				0394990E21AFAA95003AF16D /* PrayerListUITests */,
				039498EA21AFAA92003AF16D /* Products */,
			);
			sourceTree = "<group>";
		};
		039498EA21AFAA92003AF16D /* Products */ = {
			isa = PBXGroup;
			children = (
				039498E921AFAA92003AF16D /* PrayerList.app */,
				0394990021AFAA95003AF16D /* PrayerListTests.xctest */,
				0394990B21AFAA95003AF16D /* PrayerListUITests.xctest */,
			);
			name = Products;
			sourceTree = "<group>";
		};
		039498EB21AFAA92003AF16D /* PrayerList */ = {
			isa = PBXGroup;
			children = (
				039498FB21AFAA95003AF16D /* Info.plist */,
				039498EC21AFAA92003AF16D /* AppDelegate.swift */,
				0394991E21AFAF95003AF16D /* DataModels */,
				0394992121AFAFD0003AF16D /* Helpers */,
				0394991D21AFAF7D003AF16D /* UI */,
				039498EE21AFAA92003AF16D /* ViewController.swift */,
				039498F621AFAA95003AF16D /* Assets.xcassets */,
			);
			path = PrayerList;
			sourceTree = "<group>";
		};
		0394990321AFAA95003AF16D /* PrayerListTests */ = {
			isa = PBXGroup;
			children = (
				0394990421AFAA95003AF16D /* PrayerListTests.swift */,
				0394990621AFAA95003AF16D /* Info.plist */,
			);
			path = PrayerListTests;
			sourceTree = "<group>";
		};
		0394990E21AFAA95003AF16D /* PrayerListUITests */ = {
			isa = PBXGroup;
			children = (
				0394990F21AFAA95003AF16D /* PrayerListUITests.swift */,
				0394991121AFAA95003AF16D /* Info.plist */,
			);
			path = PrayerListUITests;
			sourceTree = "<group>";
		};
		0394991D21AFAF7D003AF16D /* UI */ = {
			isa = PBXGroup;
			children = (
				0394991F21AFAFAC003AF16D /* Theme.swift */,
				039498F021AFAA92003AF16D /* Main.storyboard */,
				039498F821AFAA95003AF16D /* LaunchScreen.storyboard */,
				03C2A6A321C43BAB0021AD66 /* TabBarController.swift */,
				0394994D21AFE226003AF16D /* Components */,
				0394992C21AFB205003AF16D /* Organiser */,
				0394992B21AFB1FE003AF16D /* Prayer */,
				0394993121AFB46A003AF16D /* BaseViewController.swift */,
				0394996F21B1CD6C003AF16D /* PrimarySplitViewController.swift */,
			);
			path = UI;
			sourceTree = "<group>";
		};
		0394991E21AFAF95003AF16D /* DataModels */ = {
			isa = PBXGroup;
			children = (
				039498F321AFAA92003AF16D /* PrayerList.xcdatamodeld */,
				0394993321AFB803003AF16D /* Interfaces */,
				0394993521AFB80E003AF16D /* CoreDataModels */,
				0394993421AFB809003AF16D /* Models */,
				0394992521AFB012003AF16D /* CoreDataManager.swift */,
			);
			path = DataModels;
			sourceTree = "<group>";
		};
		0394992121AFAFD0003AF16D /* Helpers */ = {
			isa = PBXGroup;
			children = (
				0394992221AFAFD6003AF16D /* Extensions */,
				0394996421B12AE4003AF16D /* PRUserDefaults.swift */,
				0394997D21B25A86003AF16D /* Storyboardable.swift */,
			);
			path = Helpers;
			sourceTree = "<group>";
		};
		0394992221AFAFD6003AF16D /* Extensions */ = {
			isa = PBXGroup;
			children = (
				0394992321AFAFE4003AF16D /* UIColor+Extensions.swift */,
			);
			path = Extensions;
			sourceTree = "<group>";
		};
		0394992B21AFB1FE003AF16D /* Prayer */ = {
			isa = PBXGroup;
			children = (
				0394992921AFB1C0003AF16D /* Prayer.storyboard */,
				0394994E21AFE438003AF16D /* Overview */,
				0394995121B10737003AF16D /* Detail */,
			);
			path = Prayer;
			sourceTree = "<group>";
		};
		0394992C21AFB205003AF16D /* Organiser */ = {
			isa = PBXGroup;
			children = (
				0394992721AFB14F003AF16D /* Organiser.storyboard */,
				0394996A21B12D45003AF16D /* Category Overview */,
				0394996C21B130C8003AF16D /* Category Detail */,
				03C2A68121BE4F3C0021AD66 /* Item Detail */,
			);
			path = Organiser;
			sourceTree = "<group>";
		};
		0394993321AFB803003AF16D /* Interfaces */ = {
			isa = PBXGroup;
			children = (
				0394993A21AFC9F9003AF16D /* PrayerInterface.swift */,
				0394995E21B128FD003AF16D /* ItemInterface.swift */,
				0394996021B12907003AF16D /* NoteInterface.swift */,
				0394996221B12912003AF16D /* CategoryInterface.swift */,
			);
			path = Interfaces;
			sourceTree = "<group>";
		};
		0394993421AFB809003AF16D /* Models */ = {
			isa = PBXGroup;
			children = (
				0394993621AFB81C003AF16D /* PrayerModel.swift */,
				0394995221B12419003AF16D /* ItemModel.swift */,
				0394995421B12427003AF16D /* NoteModel.swift */,
				0394995621B1246E003AF16D /* CategoryModel.swift */,
			);
			path = Models;
			sourceTree = "<group>";
		};
		0394993521AFB80E003AF16D /* CoreDataModels */ = {
			isa = PBXGroup;
			children = (
				0394993821AFB82F003AF16D /* CoreDataPrayer.swift */,
				0394995821B124E8003AF16D /* CoreDataItem.swift */,
				0394995A21B124F5003AF16D /* CoreDataPrayerNote.swift */,
				0394995C21B12502003AF16D /* CoreDataPrayerCategory.swift */,
			);
			path = CoreDataModels;
			sourceTree = "<group>";
		};
		0394993C21AFCAD9003AF16D /* Prayer CollectionViewCell */ = {
			isa = PBXGroup;
			children = (
				0394993D21AFCAF5003AF16D /* PrayerCollectionViewCell.swift */,
				0394993E21AFCAF5003AF16D /* PrayerCollectionViewCell.xib */,
			);
			path = "Prayer CollectionViewCell";
			sourceTree = "<group>";
		};
		0394994321AFCEDF003AF16D /* Prayer Settings */ = {
			isa = PBXGroup;
			children = (
				0394994121AFCD9A003AF16D /* PrayerSettingsViewController.swift */,
			);
			path = "Prayer Settings";
			sourceTree = "<group>";
		};
		0394994421AFCEEB003AF16D /* TextFieldTableCell */ = {
			isa = PBXGroup;
			children = (
				0394994521AFCF0B003AF16D /* TextFieldTableViewCell.swift */,
				0394994621AFCF0B003AF16D /* TextFieldTableViewCell.xib */,
			);
			path = TextFieldTableCell;
			sourceTree = "<group>";
		};
		0394994D21AFE226003AF16D /* Components */ = {
			isa = PBXGroup;
			children = (
				03C2A68821BE51E70021AD66 /* List Cell */,
				03C2A6AA21CB67260021AD66 /* EmptyView */,
				03C2A6A521C447340021AD66 /* LargeTextCell */,
				03C2A68E21BE55FD0021AD66 /* Plain Header */,
				0394994421AFCEEB003AF16D /* TextFieldTableCell */,
				0394994B21AFE220003AF16D /* Button.swift */,
				03C2A6A221C433E70021AD66 /* PlusView */,
			);
			path = Components;
			sourceTree = "<group>";
		};
		0394994E21AFE438003AF16D /* Overview */ = {
			isa = PBXGroup;
			children = (
				0394992D21AFB225003AF16D /* PrayerOverviewController.swift */,
				0394993C21AFCAD9003AF16D /* Prayer CollectionViewCell */,
			);
			path = Overview;
			sourceTree = "<group>";
		};
		0394995121B10737003AF16D /* Detail */ = {
			isa = PBXGroup;
			children = (
				0394994F21AFE460003AF16D /* PrayerDetailViewController.swift */,
				0394994321AFCEDF003AF16D /* Prayer Settings */,
			);
			path = Detail;
			sourceTree = "<group>";
		};
		0394996A21B12D45003AF16D /* Category Overview */ = {
			isa = PBXGroup;
			children = (
				0394992F21AFB25A003AF16D /* OrganiserOverviewController.swift */,
				03654B1921CD9A3700465E16 /* AddCategoryViewController.swift */,
			);
			path = "Category Overview";
			sourceTree = "<group>";
		};
		0394996C21B130C8003AF16D /* Category Detail */ = {
			isa = PBXGroup;
			children = (
				0394996D21B13100003AF16D /* CategoryDetailViewController.swift */,
				0394997B21B25448003AF16D /* CategorySettingsViewController.swift */,
				0394997121B1CF3B003AF16D /* AddItemForm */,
				0394997621B1DA62003AF16D /* ItemOverViewCell */,
			);
			name = "Category Detail";
			path = "Items Overview";
			sourceTree = "<group>";
		};
		0394997121B1CF3B003AF16D /* AddItemForm */ = {
			isa = PBXGroup;
			children = (
				0394997221B1CF77003AF16D /* AddItemFormViewController.swift */,
				0394997421B1D461003AF16D /* PrayerSelectionViewController.swift */,
			);
			path = AddItemForm;
			sourceTree = "<group>";
		};
		0394997621B1DA62003AF16D /* ItemOverViewCell */ = {
			isa = PBXGroup;
			children = (
				0394997721B1DA7D003AF16D /* ItemOverviewCollectionViewCell.swift */,
				0394997821B1DA7D003AF16D /* ItemOverviewCollectionViewCell.xib */,
			);
			path = ItemOverViewCell;
			sourceTree = "<group>";
		};
		03C2A68121BE4F3C0021AD66 /* Item Detail */ = {
			isa = PBXGroup;
			children = (
				03C2A68221BE4F820021AD66 /* ItemDetailViewController.swift */,
				03C2A69321BF7F640021AD66 /* AddNoteViewController.swift */,
			);
			path = "Item Detail";
			sourceTree = "<group>";
		};
		03C2A68821BE51E70021AD66 /* List Cell */ = {
			isa = PBXGroup;
			children = (
				03C2A68921BE55100021AD66 /* ItemTableCell */,
				03C2A6AF21CB771C0021AD66 /* ItemGroup */,
			);
			path = "List Cell";
			sourceTree = "<group>";
		};
		03C2A68921BE55100021AD66 /* ItemTableCell */ = {
			isa = PBXGroup;
			children = (
				03C2A68A21BE55310021AD66 /* ItemTableViewCell.swift */,
				03C2A68B21BE55310021AD66 /* ItemTableViewCell.xib */,
			);
			path = ItemTableCell;
			sourceTree = "<group>";
		};
		03C2A68E21BE55FD0021AD66 /* Plain Header */ = {
			isa = PBXGroup;
			children = (
				03C2A68F21BE56130021AD66 /* PlainHeaderCollectionReusableView.swift */,
				03C2A69021BE56130021AD66 /* PlainHeaderCollectionReusableView.xib */,
			);
			path = "Plain Header";
			sourceTree = "<group>";
		};
		03C2A6A221C433E70021AD66 /* PlusView */ = {
			isa = PBXGroup;
			children = (
				03C2A69E21C433D50021AD66 /* PlusView.swift */,
				03C2A6A021C433DF0021AD66 /* PlusView.xib */,
			);
			path = PlusView;
			sourceTree = "<group>";
		};
		03C2A6A521C447340021AD66 /* LargeTextCell */ = {
			isa = PBXGroup;
			children = (
				03C2A6A621C4474A0021AD66 /* LargeTextTableViewCell.swift */,
				03C2A6A721C4474A0021AD66 /* LargeTextTableViewCell.xib */,
			);
			path = LargeTextCell;
			sourceTree = "<group>";
		};
		03C2A6AA21CB67260021AD66 /* EmptyView */ = {
			isa = PBXGroup;
			children = (
				03C2A6AB21CB69120021AD66 /* EmptyView.swift */,
				03C2A6AD21CB69210021AD66 /* EmptyView.xib */,
			);
			path = EmptyView;
			sourceTree = "<group>";
		};
		03C2A6AF21CB771C0021AD66 /* ItemGroup */ = {
			isa = PBXGroup;
			children = (
				03C2A68421BE51E30021AD66 /* ListCollectionViewCell.swift */,
				03C2A68521BE51E30021AD66 /* ListCollectionViewCell.xib */,
			);
			path = ItemGroup;
			sourceTree = "<group>";
		};
/* End PBXGroup section */

/* Begin PBXNativeTarget section */
		039498E821AFAA92003AF16D /* PrayerList */ = {
			isa = PBXNativeTarget;
			buildConfigurationList = 0394991421AFAA95003AF16D /* Build configuration list for PBXNativeTarget "PrayerList" */;
			buildPhases = (
				039498E521AFAA92003AF16D /* Sources */,
				039498E621AFAA92003AF16D /* Frameworks */,
				039498E721AFAA92003AF16D /* Resources */,
			);
			buildRules = (
			);
			dependencies = (
			);
			name = PrayerList;
			productName = PrayerList;
			productReference = 039498E921AFAA92003AF16D /* PrayerList.app */;
			productType = "com.apple.product-type.application";
		};
		039498FF21AFAA95003AF16D /* PrayerListTests */ = {
			isa = PBXNativeTarget;
			buildConfigurationList = 0394991721AFAA95003AF16D /* Build configuration list for PBXNativeTarget "PrayerListTests" */;
			buildPhases = (
				039498FC21AFAA95003AF16D /* Sources */,
				039498FD21AFAA95003AF16D /* Frameworks */,
				039498FE21AFAA95003AF16D /* Resources */,
			);
			buildRules = (
			);
			dependencies = (
				0394990221AFAA95003AF16D /* PBXTargetDependency */,
			);
			name = PrayerListTests;
			productName = PrayerListTests;
			productReference = 0394990021AFAA95003AF16D /* PrayerListTests.xctest */;
			productType = "com.apple.product-type.bundle.unit-test";
		};
		0394990A21AFAA95003AF16D /* PrayerListUITests */ = {
			isa = PBXNativeTarget;
			buildConfigurationList = 0394991A21AFAA95003AF16D /* Build configuration list for PBXNativeTarget "PrayerListUITests" */;
			buildPhases = (
				0394990721AFAA95003AF16D /* Sources */,
				0394990821AFAA95003AF16D /* Frameworks */,
				0394990921AFAA95003AF16D /* Resources */,
			);
			buildRules = (
			);
			dependencies = (
				0394990D21AFAA95003AF16D /* PBXTargetDependency */,
			);
			name = PrayerListUITests;
			productName = PrayerListUITests;
			productReference = 0394990B21AFAA95003AF16D /* PrayerListUITests.xctest */;
			productType = "com.apple.product-type.bundle.ui-testing";
		};
/* End PBXNativeTarget section */

/* Begin PBXProject section */
		039498E121AFAA92003AF16D /* Project object */ = {
			isa = PBXProject;
			attributes = {
				LastSwiftUpdateCheck = 1010;
				LastUpgradeCheck = 1010;
				ORGANIZATIONNAME = "Devin Davies";
				TargetAttributes = {
					039498E821AFAA92003AF16D = {
						CreatedOnToolsVersion = 10.1;
					};
					039498FF21AFAA95003AF16D = {
						CreatedOnToolsVersion = 10.1;
						TestTargetID = 039498E821AFAA92003AF16D;
					};
					0394990A21AFAA95003AF16D = {
						CreatedOnToolsVersion = 10.1;
						TestTargetID = 039498E821AFAA92003AF16D;
					};
				};
			};
			buildConfigurationList = 039498E421AFAA92003AF16D /* Build configuration list for PBXProject "PrayerList" */;
			compatibilityVersion = "Xcode 9.3";
			developmentRegion = en;
			hasScannedForEncodings = 0;
			knownRegions = (
				en,
				Base,
			);
			mainGroup = 039498E021AFAA92003AF16D;
			productRefGroup = 039498EA21AFAA92003AF16D /* Products */;
			projectDirPath = "";
			projectRoot = "";
			targets = (
				039498E821AFAA92003AF16D /* PrayerList */,
				039498FF21AFAA95003AF16D /* PrayerListTests */,
				0394990A21AFAA95003AF16D /* PrayerListUITests */,
			);
		};
/* End PBXProject section */

/* Begin PBXResourcesBuildPhase section */
		039498E721AFAA92003AF16D /* Resources */ = {
			isa = PBXResourcesBuildPhase;
			buildActionMask = 2147483647;
			files = (
				039498FA21AFAA95003AF16D /* LaunchScreen.storyboard in Resources */,
				0394992821AFB14F003AF16D /* Organiser.storyboard in Resources */,
				0394994821AFCF0B003AF16D /* TextFieldTableViewCell.xib in Resources */,
				03C2A6A921C4474A0021AD66 /* LargeTextTableViewCell.xib in Resources */,
				03C2A68721BE51E30021AD66 /* ListCollectionViewCell.xib in Resources */,
				03C2A6A121C433DF0021AD66 /* PlusView.xib in Resources */,
				0394992A21AFB1C0003AF16D /* Prayer.storyboard in Resources */,
				039498F721AFAA95003AF16D /* Assets.xcassets in Resources */,
				039498F221AFAA92003AF16D /* Main.storyboard in Resources */,
				0394994021AFCAF5003AF16D /* PrayerCollectionViewCell.xib in Resources */,
				03C2A6AE21CB69210021AD66 /* EmptyView.xib in Resources */,
				03C2A68D21BE55310021AD66 /* ItemTableViewCell.xib in Resources */,
				0394997A21B1DA7D003AF16D /* ItemOverviewCollectionViewCell.xib in Resources */,
				03C2A69221BE56130021AD66 /* PlainHeaderCollectionReusableView.xib in Resources */,
			);
			runOnlyForDeploymentPostprocessing = 0;
		};
		039498FE21AFAA95003AF16D /* Resources */ = {
			isa = PBXResourcesBuildPhase;
			buildActionMask = 2147483647;
			files = (
			);
			runOnlyForDeploymentPostprocessing = 0;
		};
		0394990921AFAA95003AF16D /* Resources */ = {
			isa = PBXResourcesBuildPhase;
			buildActionMask = 2147483647;
			files = (
			);
			runOnlyForDeploymentPostprocessing = 0;
		};
/* End PBXResourcesBuildPhase section */

/* Begin PBXSourcesBuildPhase section */
		039498E521AFAA92003AF16D /* Sources */ = {
			isa = PBXSourcesBuildPhase;
			buildActionMask = 2147483647;
			files = (
				0394994221AFCD9A003AF16D /* PrayerSettingsViewController.swift in Sources */,
				0394997521B1D461003AF16D /* PrayerSelectionViewController.swift in Sources */,
				0394996521B12AE4003AF16D /* PRUserDefaults.swift in Sources */,
				0394993721AFB81C003AF16D /* PrayerModel.swift in Sources */,
				0394994721AFCF0B003AF16D /* TextFieldTableViewCell.swift in Sources */,
				03C2A69421BF7F640021AD66 /* AddNoteViewController.swift in Sources */,
				03C2A6A821C4474A0021AD66 /* LargeTextTableViewCell.swift in Sources */,
				0394995D21B12502003AF16D /* CoreDataPrayerCategory.swift in Sources */,
				0394993921AFB82F003AF16D /* CoreDataPrayer.swift in Sources */,
				03C2A69121BE56130021AD66 /* PlainHeaderCollectionReusableView.swift in Sources */,
				0394996321B12912003AF16D /* CategoryInterface.swift in Sources */,
				0394995B21B124F5003AF16D /* CoreDataPrayerNote.swift in Sources */,
				03C2A68C21BE55310021AD66 /* ItemTableViewCell.swift in Sources */,
				0394995721B1246E003AF16D /* CategoryModel.swift in Sources */,
				0394992621AFB012003AF16D /* CoreDataManager.swift in Sources */,
				0394997921B1DA7D003AF16D /* ItemOverviewCollectionViewCell.swift in Sources */,
				03C2A6AC21CB69120021AD66 /* EmptyView.swift in Sources */,
				039498EF21AFAA92003AF16D /* ViewController.swift in Sources */,
				0394993B21AFC9F9003AF16D /* PrayerInterface.swift in Sources */,
				0394995921B124E8003AF16D /* CoreDataItem.swift in Sources */,
				0394996E21B13100003AF16D /* CategoryDetailViewController.swift in Sources */,
				0394997E21B25A86003AF16D /* Storyboardable.swift in Sources */,
				0394992421AFAFE4003AF16D /* UIColor+Extensions.swift in Sources */,
				0394997C21B25448003AF16D /* CategorySettingsViewController.swift in Sources */,
				0394995321B12419003AF16D /* ItemModel.swift in Sources */,
				0394997321B1CF77003AF16D /* AddItemFormViewController.swift in Sources */,
				0394995021AFE460003AF16D /* PrayerDetailViewController.swift in Sources */,
				03C2A6A421C43BAB0021AD66 /* TabBarController.swift in Sources */,
				0394993021AFB25A003AF16D /* OrganiserOverviewController.swift in Sources */,
				03C2A68621BE51E30021AD66 /* ListCollectionViewCell.swift in Sources */,
				0394992021AFAFAC003AF16D /* Theme.swift in Sources */,
				0394993221AFB46A003AF16D /* BaseViewController.swift in Sources */,
				03654B1A21CD9A3700465E16 /* AddCategoryViewController.swift in Sources */,
				0394995521B12427003AF16D /* NoteModel.swift in Sources */,
				0394996121B12907003AF16D /* NoteInterface.swift in Sources */,
				0394992E21AFB225003AF16D /* PrayerOverviewController.swift in Sources */,
				03C2A69F21C433D50021AD66 /* PlusView.swift in Sources */,
				0394993F21AFCAF5003AF16D /* PrayerCollectionViewCell.swift in Sources */,
				03C2A68321BE4F820021AD66 /* ItemDetailViewController.swift in Sources */,
				039498ED21AFAA92003AF16D /* AppDelegate.swift in Sources */,
				0394995F21B128FD003AF16D /* ItemInterface.swift in Sources */,
				0394997021B1CD6C003AF16D /* PrimarySplitViewController.swift in Sources */,
				039498F521AFAA92003AF16D /* PrayerList.xcdatamodeld in Sources */,
				0394994C21AFE220003AF16D /* Button.swift in Sources */,
			);
			runOnlyForDeploymentPostprocessing = 0;
		};
		039498FC21AFAA95003AF16D /* Sources */ = {
			isa = PBXSourcesBuildPhase;
			buildActionMask = 2147483647;
			files = (
				0394990521AFAA95003AF16D /* PrayerListTests.swift in Sources */,
			);
			runOnlyForDeploymentPostprocessing = 0;
		};
		0394990721AFAA95003AF16D /* Sources */ = {
			isa = PBXSourcesBuildPhase;
			buildActionMask = 2147483647;
			files = (
				0394991021AFAA95003AF16D /* PrayerListUITests.swift in Sources */,
			);
			runOnlyForDeploymentPostprocessing = 0;
		};
/* End PBXSourcesBuildPhase section */

/* Begin PBXTargetDependency section */
		0394990221AFAA95003AF16D /* PBXTargetDependency */ = {
			isa = PBXTargetDependency;
			target = 039498E821AFAA92003AF16D /* PrayerList */;
			targetProxy = 0394990121AFAA95003AF16D /* PBXContainerItemProxy */;
		};
		0394990D21AFAA95003AF16D /* PBXTargetDependency */ = {
			isa = PBXTargetDependency;
			target = 039498E821AFAA92003AF16D /* PrayerList */;
			targetProxy = 0394990C21AFAA95003AF16D /* PBXContainerItemProxy */;
		};
/* End PBXTargetDependency section */

/* Begin PBXVariantGroup section */
		039498F021AFAA92003AF16D /* Main.storyboard */ = {
			isa = PBXVariantGroup;
			children = (
				039498F121AFAA92003AF16D /* Base */,
			);
			name = Main.storyboard;
			sourceTree = "<group>";
		};
		039498F821AFAA95003AF16D /* LaunchScreen.storyboard */ = {
			isa = PBXVariantGroup;
			children = (
				039498F921AFAA95003AF16D /* Base */,
			);
			name = LaunchScreen.storyboard;
			sourceTree = "<group>";
		};
/* End PBXVariantGroup section */

/* Begin XCBuildConfiguration section */
		0394991221AFAA95003AF16D /* Debug */ = {
			isa = XCBuildConfiguration;
			buildSettings = {
				ALWAYS_SEARCH_USER_PATHS = NO;
				CLANG_ANALYZER_NONNULL = YES;
				CLANG_ANALYZER_NUMBER_OBJECT_CONVERSION = YES_AGGRESSIVE;
				CLANG_CXX_LANGUAGE_STANDARD = "gnu++14";
				CLANG_CXX_LIBRARY = "libc++";
				CLANG_ENABLE_MODULES = YES;
				CLANG_ENABLE_OBJC_ARC = YES;
				CLANG_ENABLE_OBJC_WEAK = YES;
				CLANG_WARN_BLOCK_CAPTURE_AUTORELEASING = YES;
				CLANG_WARN_BOOL_CONVERSION = YES;
				CLANG_WARN_COMMA = YES;
				CLANG_WARN_CONSTANT_CONVERSION = YES;
				CLANG_WARN_DEPRECATED_OBJC_IMPLEMENTATIONS = YES;
				CLANG_WARN_DIRECT_OBJC_ISA_USAGE = YES_ERROR;
				CLANG_WARN_DOCUMENTATION_COMMENTS = YES;
				CLANG_WARN_EMPTY_BODY = YES;
				CLANG_WARN_ENUM_CONVERSION = YES;
				CLANG_WARN_INFINITE_RECURSION = YES;
				CLANG_WARN_INT_CONVERSION = YES;
				CLANG_WARN_NON_LITERAL_NULL_CONVERSION = YES;
				CLANG_WARN_OBJC_IMPLICIT_RETAIN_SELF = YES;
				CLANG_WARN_OBJC_LITERAL_CONVERSION = YES;
				CLANG_WARN_OBJC_ROOT_CLASS = YES_ERROR;
				CLANG_WARN_RANGE_LOOP_ANALYSIS = YES;
				CLANG_WARN_STRICT_PROTOTYPES = YES;
				CLANG_WARN_SUSPICIOUS_MOVE = YES;
				CLANG_WARN_UNGUARDED_AVAILABILITY = YES_AGGRESSIVE;
				CLANG_WARN_UNREACHABLE_CODE = YES;
				CLANG_WARN__DUPLICATE_METHOD_MATCH = YES;
				CODE_SIGN_IDENTITY = "iPhone Developer";
				COPY_PHASE_STRIP = NO;
				DEBUG_INFORMATION_FORMAT = dwarf;
				ENABLE_STRICT_OBJC_MSGSEND = YES;
				ENABLE_TESTABILITY = YES;
				GCC_C_LANGUAGE_STANDARD = gnu11;
				GCC_DYNAMIC_NO_PIC = NO;
				GCC_NO_COMMON_BLOCKS = YES;
				GCC_OPTIMIZATION_LEVEL = 0;
				GCC_PREPROCESSOR_DEFINITIONS = (
					"DEBUG=1",
					"$(inherited)",
				);
				GCC_WARN_64_TO_32_BIT_CONVERSION = YES;
				GCC_WARN_ABOUT_RETURN_TYPE = YES_ERROR;
				GCC_WARN_UNDECLARED_SELECTOR = YES;
				GCC_WARN_UNINITIALIZED_AUTOS = YES_AGGRESSIVE;
				GCC_WARN_UNUSED_FUNCTION = YES;
				GCC_WARN_UNUSED_VARIABLE = YES;
				IPHONEOS_DEPLOYMENT_TARGET = 12.1;
				MTL_ENABLE_DEBUG_INFO = INCLUDE_SOURCE;
				MTL_FAST_MATH = YES;
				ONLY_ACTIVE_ARCH = YES;
				SDKROOT = iphoneos;
				SWIFT_ACTIVE_COMPILATION_CONDITIONS = DEBUG;
				SWIFT_OPTIMIZATION_LEVEL = "-Onone";
			};
			name = Debug;
		};
		0394991321AFAA95003AF16D /* Release */ = {
			isa = XCBuildConfiguration;
			buildSettings = {
				ALWAYS_SEARCH_USER_PATHS = NO;
				CLANG_ANALYZER_NONNULL = YES;
				CLANG_ANALYZER_NUMBER_OBJECT_CONVERSION = YES_AGGRESSIVE;
				CLANG_CXX_LANGUAGE_STANDARD = "gnu++14";
				CLANG_CXX_LIBRARY = "libc++";
				CLANG_ENABLE_MODULES = YES;
				CLANG_ENABLE_OBJC_ARC = YES;
				CLANG_ENABLE_OBJC_WEAK = YES;
				CLANG_WARN_BLOCK_CAPTURE_AUTORELEASING = YES;
				CLANG_WARN_BOOL_CONVERSION = YES;
				CLANG_WARN_COMMA = YES;
				CLANG_WARN_CONSTANT_CONVERSION = YES;
				CLANG_WARN_DEPRECATED_OBJC_IMPLEMENTATIONS = YES;
				CLANG_WARN_DIRECT_OBJC_ISA_USAGE = YES_ERROR;
				CLANG_WARN_DOCUMENTATION_COMMENTS = YES;
				CLANG_WARN_EMPTY_BODY = YES;
				CLANG_WARN_ENUM_CONVERSION = YES;
				CLANG_WARN_INFINITE_RECURSION = YES;
				CLANG_WARN_INT_CONVERSION = YES;
				CLANG_WARN_NON_LITERAL_NULL_CONVERSION = YES;
				CLANG_WARN_OBJC_IMPLICIT_RETAIN_SELF = YES;
				CLANG_WARN_OBJC_LITERAL_CONVERSION = YES;
				CLANG_WARN_OBJC_ROOT_CLASS = YES_ERROR;
				CLANG_WARN_RANGE_LOOP_ANALYSIS = YES;
				CLANG_WARN_STRICT_PROTOTYPES = YES;
				CLANG_WARN_SUSPICIOUS_MOVE = YES;
				CLANG_WARN_UNGUARDED_AVAILABILITY = YES_AGGRESSIVE;
				CLANG_WARN_UNREACHABLE_CODE = YES;
				CLANG_WARN__DUPLICATE_METHOD_MATCH = YES;
				CODE_SIGN_IDENTITY = "iPhone Developer";
				COPY_PHASE_STRIP = NO;
				DEBUG_INFORMATION_FORMAT = "dwarf-with-dsym";
				ENABLE_NS_ASSERTIONS = NO;
				ENABLE_STRICT_OBJC_MSGSEND = YES;
				GCC_C_LANGUAGE_STANDARD = gnu11;
				GCC_NO_COMMON_BLOCKS = YES;
				GCC_WARN_64_TO_32_BIT_CONVERSION = YES;
				GCC_WARN_ABOUT_RETURN_TYPE = YES_ERROR;
				GCC_WARN_UNDECLARED_SELECTOR = YES;
				GCC_WARN_UNINITIALIZED_AUTOS = YES_AGGRESSIVE;
				GCC_WARN_UNUSED_FUNCTION = YES;
				GCC_WARN_UNUSED_VARIABLE = YES;
				IPHONEOS_DEPLOYMENT_TARGET = 12.1;
				MTL_ENABLE_DEBUG_INFO = NO;
				MTL_FAST_MATH = YES;
				SDKROOT = iphoneos;
				SWIFT_COMPILATION_MODE = wholemodule;
				SWIFT_OPTIMIZATION_LEVEL = "-O";
				VALIDATE_PRODUCT = YES;
			};
			name = Release;
		};
		0394991521AFAA95003AF16D /* Debug */ = {
			isa = XCBuildConfiguration;
			buildSettings = {
				ASSETCATALOG_COMPILER_APPICON_NAME = AppIcon;
				CODE_SIGN_STYLE = Automatic;
				DEVELOPMENT_TEAM = EB8VPKS2W5;
				INFOPLIST_FILE = PrayerList/Info.plist;
				IPHONEOS_DEPLOYMENT_TARGET = 10.0;
				LD_RUNPATH_SEARCH_PATHS = (
					"$(inherited)",
					"@executable_path/Frameworks",
				);
				PRODUCT_BUNDLE_IDENTIFIER = Devin.PrayerList;
				PRODUCT_NAME = "$(TARGET_NAME)";
				SWIFT_VERSION = 4.2;
				TARGETED_DEVICE_FAMILY = "1,2";
			};
			name = Debug;
		};
		0394991621AFAA95003AF16D /* Release */ = {
			isa = XCBuildConfiguration;
			buildSettings = {
				ASSETCATALOG_COMPILER_APPICON_NAME = AppIcon;
				CODE_SIGN_STYLE = Automatic;
				DEVELOPMENT_TEAM = EB8VPKS2W5;
				INFOPLIST_FILE = PrayerList/Info.plist;
				IPHONEOS_DEPLOYMENT_TARGET = 10.0;
				LD_RUNPATH_SEARCH_PATHS = (
					"$(inherited)",
					"@executable_path/Frameworks",
				);
				PRODUCT_BUNDLE_IDENTIFIER = Devin.PrayerList;
				PRODUCT_NAME = "$(TARGET_NAME)";
				SWIFT_VERSION = 4.2;
				TARGETED_DEVICE_FAMILY = "1,2";
			};
			name = Release;
		};
		0394991821AFAA95003AF16D /* Debug */ = {
			isa = XCBuildConfiguration;
			buildSettings = {
				ALWAYS_EMBED_SWIFT_STANDARD_LIBRARIES = YES;
				BUNDLE_LOADER = "$(TEST_HOST)";
				CODE_SIGN_STYLE = Automatic;
				DEVELOPMENT_TEAM = EB8VPKS2W5;
				INFOPLIST_FILE = PrayerListTests/Info.plist;
				LD_RUNPATH_SEARCH_PATHS = (
					"$(inherited)",
					"@executable_path/Frameworks",
					"@loader_path/Frameworks",
				);
				PRODUCT_BUNDLE_IDENTIFIER = Devin.PrayerListTests;
				PRODUCT_NAME = "$(TARGET_NAME)";
				SWIFT_VERSION = 4.2;
				TARGETED_DEVICE_FAMILY = "1,2";
				TEST_HOST = "$(BUILT_PRODUCTS_DIR)/PrayerList.app/PrayerList";
			};
			name = Debug;
		};
		0394991921AFAA95003AF16D /* Release */ = {
			isa = XCBuildConfiguration;
			buildSettings = {
				ALWAYS_EMBED_SWIFT_STANDARD_LIBRARIES = YES;
				BUNDLE_LOADER = "$(TEST_HOST)";
				CODE_SIGN_STYLE = Automatic;
				DEVELOPMENT_TEAM = EB8VPKS2W5;
				INFOPLIST_FILE = PrayerListTests/Info.plist;
				LD_RUNPATH_SEARCH_PATHS = (
					"$(inherited)",
					"@executable_path/Frameworks",
					"@loader_path/Frameworks",
				);
				PRODUCT_BUNDLE_IDENTIFIER = Devin.PrayerListTests;
				PRODUCT_NAME = "$(TARGET_NAME)";
				SWIFT_VERSION = 4.2;
				TARGETED_DEVICE_FAMILY = "1,2";
				TEST_HOST = "$(BUILT_PRODUCTS_DIR)/PrayerList.app/PrayerList";
			};
			name = Release;
		};
		0394991B21AFAA95003AF16D /* Debug */ = {
			isa = XCBuildConfiguration;
			buildSettings = {
				ALWAYS_EMBED_SWIFT_STANDARD_LIBRARIES = YES;
				CODE_SIGN_STYLE = Automatic;
				DEVELOPMENT_TEAM = EB8VPKS2W5;
				INFOPLIST_FILE = PrayerListUITests/Info.plist;
				LD_RUNPATH_SEARCH_PATHS = (
					"$(inherited)",
					"@executable_path/Frameworks",
					"@loader_path/Frameworks",
				);
				PRODUCT_BUNDLE_IDENTIFIER = Devin.PrayerListUITests;
				PRODUCT_NAME = "$(TARGET_NAME)";
				SWIFT_VERSION = 4.2;
				TARGETED_DEVICE_FAMILY = "1,2";
				TEST_TARGET_NAME = PrayerList;
			};
			name = Debug;
		};
		0394991C21AFAA95003AF16D /* Release */ = {
			isa = XCBuildConfiguration;
			buildSettings = {
				ALWAYS_EMBED_SWIFT_STANDARD_LIBRARIES = YES;
				CODE_SIGN_STYLE = Automatic;
				DEVELOPMENT_TEAM = EB8VPKS2W5;
				INFOPLIST_FILE = PrayerListUITests/Info.plist;
				LD_RUNPATH_SEARCH_PATHS = (
					"$(inherited)",
					"@executable_path/Frameworks",
					"@loader_path/Frameworks",
				);
				PRODUCT_BUNDLE_IDENTIFIER = Devin.PrayerListUITests;
				PRODUCT_NAME = "$(TARGET_NAME)";
				SWIFT_VERSION = 4.2;
				TARGETED_DEVICE_FAMILY = "1,2";
				TEST_TARGET_NAME = PrayerList;
			};
			name = Release;
		};
/* End XCBuildConfiguration section */

/* Begin XCConfigurationList section */
		039498E421AFAA92003AF16D /* Build configuration list for PBXProject "PrayerList" */ = {
			isa = XCConfigurationList;
			buildConfigurations = (
				0394991221AFAA95003AF16D /* Debug */,
				0394991321AFAA95003AF16D /* Release */,
			);
			defaultConfigurationIsVisible = 0;
			defaultConfigurationName = Release;
		};
		0394991421AFAA95003AF16D /* Build configuration list for PBXNativeTarget "PrayerList" */ = {
			isa = XCConfigurationList;
			buildConfigurations = (
				0394991521AFAA95003AF16D /* Debug */,
				0394991621AFAA95003AF16D /* Release */,
			);
			defaultConfigurationIsVisible = 0;
			defaultConfigurationName = Release;
		};
		0394991721AFAA95003AF16D /* Build configuration list for PBXNativeTarget "PrayerListTests" */ = {
			isa = XCConfigurationList;
			buildConfigurations = (
				0394991821AFAA95003AF16D /* Debug */,
				0394991921AFAA95003AF16D /* Release */,
			);
			defaultConfigurationIsVisible = 0;
			defaultConfigurationName = Release;
		};
		0394991A21AFAA95003AF16D /* Build configuration list for PBXNativeTarget "PrayerListUITests" */ = {
			isa = XCConfigurationList;
			buildConfigurations = (
				0394991B21AFAA95003AF16D /* Debug */,
				0394991C21AFAA95003AF16D /* Release */,
			);
			defaultConfigurationIsVisible = 0;
			defaultConfigurationName = Release;
		};
/* End XCConfigurationList section */

/* Begin XCVersionGroup section */
		039498F321AFAA92003AF16D /* PrayerList.xcdatamodeld */ = {
			isa = XCVersionGroup;
			children = (
				039498F421AFAA92003AF16D /* PrayerList.xcdatamodel */,
			);
			currentVersion = 039498F421AFAA92003AF16D /* PrayerList.xcdatamodel */;
			path = PrayerList.xcdatamodeld;
			sourceTree = "<group>";
			versionGroupType = wrapper.xcdatamodel;
		};
/* End XCVersionGroup section */
	};
	rootObject = 039498E121AFAA92003AF16D /* Project object */;
}
